
Microsoft Visual Studio Solution File, Format Version 12.00
# Visual Studio Version 17
VisualStudioVersion = 17.10.35027.167
MinimumVisualStudioVersion = 10.0.40219.1
Project("{FAE04EC0-301F-11D3-BF4B-00C04F79EFBC}") = "Image Manipulation", "Image Manipulation\Image Manipulation.csproj", "{0BBED476-9790-4D91-B8F7-6BD1B620877B}"
EndProject
Global
	GlobalSection(SolutionConfigurationPlatforms) = preSolution
		Debug|Any CPU = Debug|Any CPU
		Release|Any CPU = Release|Any CPU
	EndGlobalSection
	GlobalSection(ProjectConfigurationPlatforms) = postSolution
		{0BBED476-9790-4D91-B8F7-6BD1B620877B}.Debug|Any CPU.ActiveCfg = Debug|Any CPU
		{0BBED476-9790-4D91-B8F7-6BD1B620877B}.Debug|Any CPU.Build.0 = Debug|Any CPU
		{0BBED476-9790-4D91-B8F7-6BD1B620877B}.Release|Any CPU.ActiveCfg = Release|Any CPU
		{0BBED476-9790-4D91-B8F7-6BD1B620877B}.Release|Any CPU.Build.0 = Release|Any CPU
	EndGlobalSection
	GlobalSection(SolutionProperties) = preSolution
		HideSolutionNode = FALSE
	EndGlobalSection
	GlobalSection(ExtensibilityGlobals) = postSolution
		SolutionGuid = {7D9D5252-29A8-49A5-A577-14F942937C98}
	EndGlobalSection
EndGlobal
